
Microsoft Visual Studio Solution File, Format Version 12.00
# Visual Studio Version 16
VisualStudioVersion = 16.0.29230.47
MinimumVisualStudioVersion = 10.0.40219.1
Project("{FAE04EC0-301F-11D3-BF4B-00C04F79EFBC}") = "Studentenvolgsysteem", "Studentenvolgsysteem\Studentenvolgsysteem.csproj", "{CC3931CE-AB62-4859-B8B3-22DAF79C61C5}"
EndProject
Global
	GlobalSection(SolutionConfigurationPlatforms) = preSolution
		Debug|Any CPU = Debug|Any CPU
		Release|Any CPU = Release|Any CPU
	EndGlobalSection
	GlobalSection(ProjectConfigurationPlatforms) = postSolution
		{CC3931CE-AB62-4859-B8B3-22DAF79C61C5}.Debug|Any CPU.ActiveCfg = Debug|Any CPU
		{CC3931CE-AB62-4859-B8B3-22DAF79C61C5}.Debug|Any CPU.Build.0 = Debug|Any CPU
		{CC3931CE-AB62-4859-B8B3-22DAF79C61C5}.Release|Any CPU.ActiveCfg = Release|Any CPU
		{CC3931CE-AB62-4859-B8B3-22DAF79C61C5}.Release|Any CPU.Build.0 = Release|Any CPU
	EndGlobalSection
	GlobalSection(SolutionProperties) = preSolution
		HideSolutionNode = FALSE
	EndGlobalSection
	GlobalSection(ExtensibilityGlobals) = postSolution
		SolutionGuid = {43674938-7819-4884-AFD6-A5499E5E1B2E}
	EndGlobalSection
EndGlobal
